<Solution>
  <Project Path="../../samples/ExcelImport.Samples/ExcelImport.Samples.csproj" />
  <Project Path="../../test/Enterprise.Toolkit.Excel.Import.Tests/Enterprise.Toolkit.Excel.Import.Tests.csproj" />
  <Project Path="Enterprise.Toolkit.Excel.Import/Enterprise.Toolkit.Excel.Import.csproj" />
</Solution>
